{
  "requires": true,
  "lockfileVersion": 1,
  "dependencies": {
    "ladda": {
      "version": "2.0.2",
      "resolved": "https://registry.npmjs.org/ladda/-/ladda-2.0.2.tgz",
      "integrity": "sha512-Xtru765Z51AbhJpc8xHQS5rKxeUm3+RuGs1vyDXlNGpAYbLJIcjU7JbsGN0yF6/mcTI5oaQtK4hCwwu2Su3Tpw==",
      "requires": {
        "spin.js": "^4.1.1"
      }
    },
    "spin.js": {
      "version": "4.1.1",
      "resolved": "https://registry.npmjs.org/spin.js/-/spin.js-4.1.1.tgz",
      "integrity": "sha512-3cjbjZBw8TmZmvzcmlXqArUpefJ1vGgQZ+dh1CdyDyxZZNxNmw+2Dq5jyoP/OCqQP+z78rWgSJX9m3uMuGaxxw=="
    },
    "spinkit": {
      "version": "2.0.1",
      "resolved": "https://registry.npmjs.org/spinkit/-/spinkit-2.0.1.tgz",
      "integrity": "sha512-oYBGY0GV1H1dX+ZdKnB6JVsYC1w/Xl20H111eb+WSS8nUYmlHgGb4y5buFSkzzceEeYYh5kMhXoAmoTpiQauiA=="
    },
    "sweetalert2": {
      "version": "11.1.9",
      "resolved": "https://registry.npmjs.org/sweetalert2/-/sweetalert2-11.1.9.tgz",
      "integrity": "sha512-ox+BjtAbO8mJrbQH9TsNwMwLeTfV+ve33CVz/kKn5D/DhRiSqnw2rWL4HuBlh9Z4yqYlTD5viR5Z2K5D3avM7Q=="
    }
  }
}
